
Microsoft Visual Studio Solution File, Format Version 12.00
# Visual Studio Version 17
VisualStudioVersion = 17.0.31903.59
MinimumVisualStudioVersion = 10.0.40219.1
Project("{FAE04EC0-301F-11D3-BF4B-00C04F79EFBC}") = "API", "API\API.csproj", "{09756D68-5808-4215-9379-59E0A65094F3}"
EndProject
Project("{FAE04EC0-301F-11D3-BF4B-00C04F79EFBC}") = "Core", "Core\Core.csproj", "{9BFE3377-1A4B-43E6-81E6-ABFD0CFCA30A}"
EndProject
Project("{FAE04EC0-301F-11D3-BF4B-00C04F79EFBC}") = "Infrastructure", "Infrastructure\Infrastructure.csproj", "{D703556D-6919-4FDA-8BBE-3744B98C3AC4}"
EndProject
Global
	GlobalSection(SolutionConfigurationPlatforms) = preSolution
		Debug|Any CPU = Debug|Any CPU
		Release|Any CPU = Release|Any CPU
	EndGlobalSection
	GlobalSection(SolutionProperties) = preSolution
		HideSolutionNode = FALSE
	EndGlobalSection
	GlobalSection(ProjectConfigurationPlatforms) = postSolution
		{09756D68-5808-4215-9379-59E0A65094F3}.Debug|Any CPU.ActiveCfg = Debug|Any CPU
		{09756D68-5808-4215-9379-59E0A65094F3}.Debug|Any CPU.Build.0 = Debug|Any CPU
		{09756D68-5808-4215-9379-59E0A65094F3}.Release|Any CPU.ActiveCfg = Release|Any CPU
		{09756D68-5808-4215-9379-59E0A65094F3}.Release|Any CPU.Build.0 = Release|Any CPU
		{9BFE3377-1A4B-43E6-81E6-ABFD0CFCA30A}.Debug|Any CPU.ActiveCfg = Debug|Any CPU
		{9BFE3377-1A4B-43E6-81E6-ABFD0CFCA30A}.Debug|Any CPU.Build.0 = Debug|Any CPU
		{9BFE3377-1A4B-43E6-81E6-ABFD0CFCA30A}.Release|Any CPU.ActiveCfg = Release|Any CPU
		{9BFE3377-1A4B-43E6-81E6-ABFD0CFCA30A}.Release|Any CPU.Build.0 = Release|Any CPU
		{D703556D-6919-4FDA-8BBE-3744B98C3AC4}.Debug|Any CPU.ActiveCfg = Debug|Any CPU
		{D703556D-6919-4FDA-8BBE-3744B98C3AC4}.Debug|Any CPU.Build.0 = Debug|Any CPU
		{D703556D-6919-4FDA-8BBE-3744B98C3AC4}.Release|Any CPU.ActiveCfg = Release|Any CPU
		{D703556D-6919-4FDA-8BBE-3744B98C3AC4}.Release|Any CPU.Build.0 = Release|Any CPU
	EndGlobalSection
EndGlobal
